
Microsoft Visual Studio Solution File, Format Version 12.00
# Visual Studio 15
VisualStudioVersion = 15.0.26206.0
MinimumVisualStudioVersion = 10.0.40219.1
Project("{2150E333-8FDC-42A3-9474-1A3956D46DE8}") = "general", "general", "{C82FA801-0F7E-422F-9A4F-CA5507AC4982}"
	ProjectSection(SolutionItems) = preProject
		appveyor.yml = appveyor.yml
		build.ps1 = build.ps1
		LICENSE = LICENSE
		prebuild.ps1 = prebuild.ps1
		publish.ps1 = publish.ps1
		README.md = README.md
	EndProjectSection
EndProject
Project("{2150E333-8FDC-42A3-9474-1A3956D46DE8}") = "src", "src", "{A7F6046E-2F93-4D8E-94A3-56D0027C0D8F}"
EndProject
Project("{2150E333-8FDC-42A3-9474-1A3956D46DE8}") = "test", "test", "{18D6B9AA-C6A4-43C3-B530-CD5839147452}"
EndProject
Project("{2150E333-8FDC-42A3-9474-1A3956D46DE8}") = "samples", "samples", "{B8C11E70-753A-4E23-BC91-DBDCD2C8B3E6}"
EndProject
Project("{2150E333-8FDC-42A3-9474-1A3956D46DE8}") = "mailer-cli", "mailer-cli", "{FB0C79F6-C14B-44A5-8A5D-5C76C9998992}"
EndProject
Project("{9A19103F-16F7-4668-BE54-9A1E7A4F7556}") = "NullDesk.Extensions.Mailer.Core", "src\NullDesk.Extensions.Mailer.Core\NullDesk.Extensions.Mailer.Core.csproj", "{3C340967-E912-4A15-8948-E435B81B6CD8}"
EndProject
Project("{9A19103F-16F7-4668-BE54-9A1E7A4F7556}") = "NullDesk.Extensions.Mailer.MailKit.Tests", "test\NullDesk.Extensions.Mailer.MailKit.Tests\NullDesk.Extensions.Mailer.MailKit.Tests.csproj", "{655A00D5-0BD1-4A19-B9C2-9F2230093202}"
EndProject
Project("{9A19103F-16F7-4668-BE54-9A1E7A4F7556}") = "NullDesk.Extensions.Mailer.MailKit", "src\NullDesk.Extensions.Mailer.MailKit\NullDesk.Extensions.Mailer.MailKit.csproj", "{39E2396A-0038-42CB-B234-5676E2876B8C}"
EndProject
Project("{9A19103F-16F7-4668-BE54-9A1E7A4F7556}") = "NullDesk.Extensions.Mailer.SendGrid", "src\NullDesk.Extensions.Mailer.SendGrid\NullDesk.Extensions.Mailer.SendGrid.csproj", "{B4B03DD2-2765-4E49-B882-828B5889A0A0}"
EndProject
Project("{9A19103F-16F7-4668-BE54-9A1E7A4F7556}") = "NullDesk.Extensions.Mailer.SendGrid.Tests", "test\NullDesk.Extensions.Mailer.SendGrid.Tests\NullDesk.Extensions.Mailer.SendGrid.Tests.csproj", "{62DCBBD1-9178-4375-9540-021300FA09BD}"
EndProject
Project("{9A19103F-16F7-4668-BE54-9A1E7A4F7556}") = "NullDesk.Extensions.Mailer.Tests.Common", "test\NullDesk.Extensions.Mailer.Tests.Common\NullDesk.Extensions.Mailer.Tests.Common.csproj", "{FB824A9F-2BAA-49CB-9114-5F3CE639CC25}"
EndProject
Project("{9A19103F-16F7-4668-BE54-9A1E7A4F7556}") = "mailer", "samples\mailer-cli\mailer\mailer.csproj", "{ECDB4144-AD8F-48A2-B674-6F358D8A3047}"
EndProject
Project("{9A19103F-16F7-4668-BE54-9A1E7A4F7556}") = "NullDesk.Extensions.Mailer.History.EntityFramework", "src\NullDesk.Extensions.Mailer.History.EntityFramework\NullDesk.Extensions.Mailer.History.EntityFramework.csproj", "{91BC9376-2FF0-4F63-BD7B-88B8DC684B53}"
EndProject
Project("{9A19103F-16F7-4668-BE54-9A1E7A4F7556}") = "NullDesk.Extensions.Mailer.History.EntityFramework.SqlServer", "src\NullDesk.Extensions.Mailer.History.EntityFramework.SqlServer\NullDesk.Extensions.Mailer.History.EntityFramework.SqlServer.csproj", "{237D2587-C8FF-43CC-AD59-8507C01658FA}"
EndProject
Project("{9A19103F-16F7-4668-BE54-9A1E7A4F7556}") = "NullDesk.Extensions.Mailer.History.EntityFramework.SqlServer.Tests", "test\NullDesk.Extensions.Mailer.History.EntityFramework.SqlServer.Tests\NullDesk.Extensions.Mailer.History.EntityFramework.SqlServer.Tests.csproj", "{50EC513A-2AD6-4163-B464-4709F7C822F3}"
EndProject
Project("{9A19103F-16F7-4668-BE54-9A1E7A4F7556}") = "NullDesk.Extensions.Mailer.History.EntityFramework.Tests", "test\NullDesk.Extensions.Mailer.History.EntityFramework.Tests\NullDesk.Extensions.Mailer.History.EntityFramework.Tests.csproj", "{C32FDEEE-D75A-40D5-A0F3-1656B95CDFC4}"
EndProject
Project("{FAE04EC0-301F-11D3-BF4B-00C04F79EFBC}") = "NullDesk.Extensions.Mailer.Core.Tests", "test\NullDesk.Extensions.Mailer.Core.Tests\NullDesk.Extensions.Mailer.Core.Tests.csproj", "{38027122-6654-4A50-B2E4-A20287692EEE}"
EndProject
Global
	GlobalSection(SolutionConfigurationPlatforms) = preSolution
		Debug|Any CPU = Debug|Any CPU
		Debug|x64 = Debug|x64
		Debug|x86 = Debug|x86
		Release|Any CPU = Release|Any CPU
		Release|x64 = Release|x64
		Release|x86 = Release|x86
	EndGlobalSection
	GlobalSection(ProjectConfigurationPlatforms) = postSolution
		{3C340967-E912-4A15-8948-E435B81B6CD8}.Debug|Any CPU.ActiveCfg = Debug|Any CPU
		{3C340967-E912-4A15-8948-E435B81B6CD8}.Debug|Any CPU.Build.0 = Debug|Any CPU
		{3C340967-E912-4A15-8948-E435B81B6CD8}.Debug|x64.ActiveCfg = Debug|x64
		{3C340967-E912-4A15-8948-E435B81B6CD8}.Debug|x64.Build.0 = Debug|x64
		{3C340967-E912-4A15-8948-E435B81B6CD8}.Debug|x86.ActiveCfg = Debug|x86
		{3C340967-E912-4A15-8948-E435B81B6CD8}.Debug|x86.Build.0 = Debug|x86
		{3C340967-E912-4A15-8948-E435B81B6CD8}.Release|Any CPU.ActiveCfg = Release|Any CPU
		{3C340967-E912-4A15-8948-E435B81B6CD8}.Release|Any CPU.Build.0 = Release|Any CPU
		{3C340967-E912-4A15-8948-E435B81B6CD8}.Release|x64.ActiveCfg = Release|x64
		{3C340967-E912-4A15-8948-E435B81B6CD8}.Release|x64.Build.0 = Release|x64
		{3C340967-E912-4A15-8948-E435B81B6CD8}.Release|x86.ActiveCfg = Release|x86
		{3C340967-E912-4A15-8948-E435B81B6CD8}.Release|x86.Build.0 = Release|x86
		{655A00D5-0BD1-4A19-B9C2-9F2230093202}.Debug|Any CPU.ActiveCfg = Debug|Any CPU
		{655A00D5-0BD1-4A19-B9C2-9F2230093202}.Debug|Any CPU.Build.0 = Debug|Any CPU
		{655A00D5-0BD1-4A19-B9C2-9F2230093202}.Debug|x64.ActiveCfg = Debug|x64
		{655A00D5-0BD1-4A19-B9C2-9F2230093202}.Debug|x64.Build.0 = Debug|x64
		{655A00D5-0BD1-4A19-B9C2-9F2230093202}.Debug|x86.ActiveCfg = Debug|x86
		{655A00D5-0BD1-4A19-B9C2-9F2230093202}.Debug|x86.Build.0 = Debug|x86
		{655A00D5-0BD1-4A19-B9C2-9F2230093202}.Release|Any CPU.ActiveCfg = Release|Any CPU
		{655A00D5-0BD1-4A19-B9C2-9F2230093202}.Release|Any CPU.Build.0 = Release|Any CPU
		{655A00D5-0BD1-4A19-B9C2-9F2230093202}.Release|x64.ActiveCfg = Release|x64
		{655A00D5-0BD1-4A19-B9C2-9F2230093202}.Release|x64.Build.0 = Release|x64
		{655A00D5-0BD1-4A19-B9C2-9F2230093202}.Release|x86.ActiveCfg = Release|x86
		{655A00D5-0BD1-4A19-B9C2-9F2230093202}.Release|x86.Build.0 = Release|x86
		{39E2396A-0038-42CB-B234-5676E2876B8C}.Debug|Any CPU.ActiveCfg = Debug|Any CPU
		{39E2396A-0038-42CB-B234-5676E2876B8C}.Debug|Any CPU.Build.0 = Debug|Any CPU
		{39E2396A-0038-42CB-B234-5676E2876B8C}.Debug|x64.ActiveCfg = Debug|x64
		{39E2396A-0038-42CB-B234-5676E2876B8C}.Debug|x64.Build.0 = Debug|x64
		{39E2396A-0038-42CB-B234-5676E2876B8C}.Debug|x86.ActiveCfg = Debug|x86
		{39E2396A-0038-42CB-B234-5676E2876B8C}.Debug|x86.Build.0 = Debug|x86
		{39E2396A-0038-42CB-B234-5676E2876B8C}.Release|Any CPU.ActiveCfg = Release|Any CPU
		{39E2396A-0038-42CB-B234-5676E2876B8C}.Release|Any CPU.Build.0 = Release|Any CPU
		{39E2396A-0038-42CB-B234-5676E2876B8C}.Release|x64.ActiveCfg = Release|x64
		{39E2396A-0038-42CB-B234-5676E2876B8C}.Release|x64.Build.0 = Release|x64
		{39E2396A-0038-42CB-B234-5676E2876B8C}.Release|x86.ActiveCfg = Release|x86
		{39E2396A-0038-42CB-B234-5676E2876B8C}.Release|x86.Build.0 = Release|x86
		{B4B03DD2-2765-4E49-B882-828B5889A0A0}.Debug|Any CPU.ActiveCfg = Debug|Any CPU
		{B4B03DD2-2765-4E49-B882-828B5889A0A0}.Debug|Any CPU.Build.0 = Debug|Any CPU
		{B4B03DD2-2765-4E49-B882-828B5889A0A0}.Debug|x64.ActiveCfg = Debug|x64
		{B4B03DD2-2765-4E49-B882-828B5889A0A0}.Debug|x64.Build.0 = Debug|x64
		{B4B03DD2-2765-4E49-B882-828B5889A0A0}.Debug|x86.ActiveCfg = Debug|x86
		{B4B03DD2-2765-4E49-B882-828B5889A0A0}.Debug|x86.Build.0 = Debug|x86
		{B4B03DD2-2765-4E49-B882-828B5889A0A0}.Release|Any CPU.ActiveCfg = Release|Any CPU
		{B4B03DD2-2765-4E49-B882-828B5889A0A0}.Release|Any CPU.Build.0 = Release|Any CPU
		{B4B03DD2-2765-4E49-B882-828B5889A0A0}.Release|x64.ActiveCfg = Release|x64
		{B4B03DD2-2765-4E49-B882-828B5889A0A0}.Release|x64.Build.0 = Release|x64
		{B4B03DD2-2765-4E49-B882-828B5889A0A0}.Release|x86.ActiveCfg = Release|x86
		{B4B03DD2-2765-4E49-B882-828B5889A0A0}.Release|x86.Build.0 = Release|x86
		{62DCBBD1-9178-4375-9540-021300FA09BD}.Debug|Any CPU.ActiveCfg = Debug|Any CPU
		{62DCBBD1-9178-4375-9540-021300FA09BD}.Debug|Any CPU.Build.0 = Debug|Any CPU
		{62DCBBD1-9178-4375-9540-021300FA09BD}.Debug|x64.ActiveCfg = Debug|x64
		{62DCBBD1-9178-4375-9540-021300FA09BD}.Debug|x64.Build.0 = Debug|x64
		{62DCBBD1-9178-4375-9540-021300FA09BD}.Debug|x86.ActiveCfg = Debug|x86
		{62DCBBD1-9178-4375-9540-021300FA09BD}.Debug|x86.Build.0 = Debug|x86
		{62DCBBD1-9178-4375-9540-021300FA09BD}.Release|Any CPU.ActiveCfg = Release|Any CPU
		{62DCBBD1-9178-4375-9540-021300FA09BD}.Release|Any CPU.Build.0 = Release|Any CPU
		{62DCBBD1-9178-4375-9540-021300FA09BD}.Release|x64.ActiveCfg = Release|x64
		{62DCBBD1-9178-4375-9540-021300FA09BD}.Release|x64.Build.0 = Release|x64
		{62DCBBD1-9178-4375-9540-021300FA09BD}.Release|x86.ActiveCfg = Release|x86
		{62DCBBD1-9178-4375-9540-021300FA09BD}.Release|x86.Build.0 = Release|x86
		{FB824A9F-2BAA-49CB-9114-5F3CE639CC25}.Debug|Any CPU.ActiveCfg = Debug|Any CPU
		{FB824A9F-2BAA-49CB-9114-5F3CE639CC25}.Debug|Any CPU.Build.0 = Debug|Any CPU
		{FB824A9F-2BAA-49CB-9114-5F3CE639CC25}.Debug|x64.ActiveCfg = Debug|x64
		{FB824A9F-2BAA-49CB-9114-5F3CE639CC25}.Debug|x64.Build.0 = Debug|x64
		{FB824A9F-2BAA-49CB-9114-5F3CE639CC25}.Debug|x86.ActiveCfg = Debug|x86
		{FB824A9F-2BAA-49CB-9114-5F3CE639CC25}.Debug|x86.Build.0 = Debug|x86
		{FB824A9F-2BAA-49CB-9114-5F3CE639CC25}.Release|Any CPU.ActiveCfg = Release|Any CPU
		{FB824A9F-2BAA-49CB-9114-5F3CE639CC25}.Release|Any CPU.Build.0 = Release|Any CPU
		{FB824A9F-2BAA-49CB-9114-5F3CE639CC25}.Release|x64.ActiveCfg = Release|x64
		{FB824A9F-2BAA-49CB-9114-5F3CE639CC25}.Release|x64.Build.0 = Release|x64
		{FB824A9F-2BAA-49CB-9114-5F3CE639CC25}.Release|x86.ActiveCfg = Release|x86
		{FB824A9F-2BAA-49CB-9114-5F3CE639CC25}.Release|x86.Build.0 = Release|x86
		{ECDB4144-AD8F-48A2-B674-6F358D8A3047}.Debug|Any CPU.ActiveCfg = Debug|Any CPU
		{ECDB4144-AD8F-48A2-B674-6F358D8A3047}.Debug|Any CPU.Build.0 = Debug|Any CPU
		{ECDB4144-AD8F-48A2-B674-6F358D8A3047}.Debug|x64.ActiveCfg = Debug|x64
		{ECDB4144-AD8F-48A2-B674-6F358D8A3047}.Debug|x64.Build.0 = Debug|x64
		{ECDB4144-AD8F-48A2-B674-6F358D8A3047}.Debug|x86.ActiveCfg = Debug|x86
		{ECDB4144-AD8F-48A2-B674-6F358D8A3047}.Debug|x86.Build.0 = Debug|x86
		{ECDB4144-AD8F-48A2-B674-6F358D8A3047}.Release|Any CPU.ActiveCfg = Release|Any CPU
		{ECDB4144-AD8F-48A2-B674-6F358D8A3047}.Release|Any CPU.Build.0 = Release|Any CPU
		{ECDB4144-AD8F-48A2-B674-6F358D8A3047}.Release|x64.ActiveCfg = Release|x64
		{ECDB4144-AD8F-48A2-B674-6F358D8A3047}.Release|x64.Build.0 = Release|x64
		{ECDB4144-AD8F-48A2-B674-6F358D8A3047}.Release|x86.ActiveCfg = Release|x86
		{ECDB4144-AD8F-48A2-B674-6F358D8A3047}.Release|x86.Build.0 = Release|x86
		{91BC9376-2FF0-4F63-BD7B-88B8DC684B53}.Debug|Any CPU.ActiveCfg = Debug|Any CPU
		{91BC9376-2FF0-4F63-BD7B-88B8DC684B53}.Debug|Any CPU.Build.0 = Debug|Any CPU
		{91BC9376-2FF0-4F63-BD7B-88B8DC684B53}.Debug|x64.ActiveCfg = Debug|x64
		{91BC9376-2FF0-4F63-BD7B-88B8DC684B53}.Debug|x64.Build.0 = Debug|x64
		{91BC9376-2FF0-4F63-BD7B-88B8DC684B53}.Debug|x86.ActiveCfg = Debug|x86
		{91BC9376-2FF0-4F63-BD7B-88B8DC684B53}.Debug|x86.Build.0 = Debug|x86
		{91BC9376-2FF0-4F63-BD7B-88B8DC684B53}.Release|Any CPU.ActiveCfg = Release|Any CPU
		{91BC9376-2FF0-4F63-BD7B-88B8DC684B53}.Release|Any CPU.Build.0 = Release|Any CPU
		{91BC9376-2FF0-4F63-BD7B-88B8DC684B53}.Release|x64.ActiveCfg = Release|x64
		{91BC9376-2FF0-4F63-BD7B-88B8DC684B53}.Release|x64.Build.0 = Release|x64
		{91BC9376-2FF0-4F63-BD7B-88B8DC684B53}.Release|x86.ActiveCfg = Release|x86
		{91BC9376-2FF0-4F63-BD7B-88B8DC684B53}.Release|x86.Build.0 = Release|x86
		{237D2587-C8FF-43CC-AD59-8507C01658FA}.Debug|Any CPU.ActiveCfg = Debug|Any CPU
		{237D2587-C8FF-43CC-AD59-8507C01658FA}.Debug|Any CPU.Build.0 = Debug|Any CPU
		{237D2587-C8FF-43CC-AD59-8507C01658FA}.Debug|x64.ActiveCfg = Debug|x64
		{237D2587-C8FF-43CC-AD59-8507C01658FA}.Debug|x64.Build.0 = Debug|x64
		{237D2587-C8FF-43CC-AD59-8507C01658FA}.Debug|x86.ActiveCfg = Debug|x86
		{237D2587-C8FF-43CC-AD59-8507C01658FA}.Debug|x86.Build.0 = Debug|x86
		{237D2587-C8FF-43CC-AD59-8507C01658FA}.Release|Any CPU.ActiveCfg = Release|Any CPU
		{237D2587-C8FF-43CC-AD59-8507C01658FA}.Release|Any CPU.Build.0 = Release|Any CPU
		{237D2587-C8FF-43CC-AD59-8507C01658FA}.Release|x64.ActiveCfg = Release|x64
		{237D2587-C8FF-43CC-AD59-8507C01658FA}.Release|x64.Build.0 = Release|x64
		{237D2587-C8FF-43CC-AD59-8507C01658FA}.Release|x86.ActiveCfg = Release|x86
		{237D2587-C8FF-43CC-AD59-8507C01658FA}.Release|x86.Build.0 = Release|x86
		{50EC513A-2AD6-4163-B464-4709F7C822F3}.Debug|Any CPU.ActiveCfg = Debug|Any CPU
		{50EC513A-2AD6-4163-B464-4709F7C822F3}.Debug|Any CPU.Build.0 = Debug|Any CPU
		{50EC513A-2AD6-4163-B464-4709F7C822F3}.Debug|x64.ActiveCfg = Debug|x64
		{50EC513A-2AD6-4163-B464-4709F7C822F3}.Debug|x64.Build.0 = Debug|x64
		{50EC513A-2AD6-4163-B464-4709F7C822F3}.Debug|x86.ActiveCfg = Debug|x86
		{50EC513A-2AD6-4163-B464-4709F7C822F3}.Debug|x86.Build.0 = Debug|x86
		{50EC513A-2AD6-4163-B464-4709F7C822F3}.Release|Any CPU.ActiveCfg = Release|Any CPU
		{50EC513A-2AD6-4163-B464-4709F7C822F3}.Release|Any CPU.Build.0 = Release|Any CPU
		{50EC513A-2AD6-4163-B464-4709F7C822F3}.Release|x64.ActiveCfg = Release|x64
		{50EC513A-2AD6-4163-B464-4709F7C822F3}.Release|x64.Build.0 = Release|x64
		{50EC513A-2AD6-4163-B464-4709F7C822F3}.Release|x86.ActiveCfg = Release|x86
		{50EC513A-2AD6-4163-B464-4709F7C822F3}.Release|x86.Build.0 = Release|x86
		{C32FDEEE-D75A-40D5-A0F3-1656B95CDFC4}.Debug|Any CPU.ActiveCfg = Debug|Any CPU
		{C32FDEEE-D75A-40D5-A0F3-1656B95CDFC4}.Debug|Any CPU.Build.0 = Debug|Any CPU
		{C32FDEEE-D75A-40D5-A0F3-1656B95CDFC4}.Debug|x64.ActiveCfg = Debug|x64
		{C32FDEEE-D75A-40D5-A0F3-1656B95CDFC4}.Debug|x64.Build.0 = Debug|x64
		{C32FDEEE-D75A-40D5-A0F3-1656B95CDFC4}.Debug|x86.ActiveCfg = Debug|x86
		{C32FDEEE-D75A-40D5-A0F3-1656B95CDFC4}.Debug|x86.Build.0 = Debug|x86
		{C32FDEEE-D75A-40D5-A0F3-1656B95CDFC4}.Release|Any CPU.ActiveCfg = Release|Any CPU
		{C32FDEEE-D75A-40D5-A0F3-1656B95CDFC4}.Release|Any CPU.Build.0 = Release|Any CPU
		{C32FDEEE-D75A-40D5-A0F3-1656B95CDFC4}.Release|x64.ActiveCfg = Release|x64
		{C32FDEEE-D75A-40D5-A0F3-1656B95CDFC4}.Release|x64.Build.0 = Release|x64
		{C32FDEEE-D75A-40D5-A0F3-1656B95CDFC4}.Release|x86.ActiveCfg = Release|x86
		{C32FDEEE-D75A-40D5-A0F3-1656B95CDFC4}.Release|x86.Build.0 = Release|x86
		{38027122-6654-4A50-B2E4-A20287692EEE}.Debug|Any CPU.ActiveCfg = Debug|Any CPU
		{38027122-6654-4A50-B2E4-A20287692EEE}.Debug|Any CPU.Build.0 = Debug|Any CPU
		{38027122-6654-4A50-B2E4-A20287692EEE}.Debug|x64.ActiveCfg = Debug|x64
		{38027122-6654-4A50-B2E4-A20287692EEE}.Debug|x64.Build.0 = Debug|x64
		{38027122-6654-4A50-B2E4-A20287692EEE}.Debug|x86.ActiveCfg = Debug|x86
		{38027122-6654-4A50-B2E4-A20287692EEE}.Debug|x86.Build.0 = Debug|x86
		{38027122-6654-4A50-B2E4-A20287692EEE}.Release|Any CPU.ActiveCfg = Release|Any CPU
		{38027122-6654-4A50-B2E4-A20287692EEE}.Release|Any CPU.Build.0 = Release|Any CPU
		{38027122-6654-4A50-B2E4-A20287692EEE}.Release|x64.ActiveCfg = Release|x64
		{38027122-6654-4A50-B2E4-A20287692EEE}.Release|x64.Build.0 = Release|x64
		{38027122-6654-4A50-B2E4-A20287692EEE}.Release|x86.ActiveCfg = Release|x86
		{38027122-6654-4A50-B2E4-A20287692EEE}.Release|x86.Build.0 = Release|x86
	EndGlobalSection
	GlobalSection(SolutionProperties) = preSolution
		HideSolutionNode = FALSE
	EndGlobalSection
	GlobalSection(NestedProjects) = preSolution
		{FB0C79F6-C14B-44A5-8A5D-5C76C9998992} = {B8C11E70-753A-4E23-BC91-DBDCD2C8B3E6}
		{3C340967-E912-4A15-8948-E435B81B6CD8} = {A7F6046E-2F93-4D8E-94A3-56D0027C0D8F}
		{655A00D5-0BD1-4A19-B9C2-9F2230093202} = {18D6B9AA-C6A4-43C3-B530-CD5839147452}
		{39E2396A-0038-42CB-B234-5676E2876B8C} = {A7F6046E-2F93-4D8E-94A3-56D0027C0D8F}
		{B4B03DD2-2765-4E49-B882-828B5889A0A0} = {A7F6046E-2F93-4D8E-94A3-56D0027C0D8F}
		{62DCBBD1-9178-4375-9540-021300FA09BD} = {18D6B9AA-C6A4-43C3-B530-CD5839147452}
		{FB824A9F-2BAA-49CB-9114-5F3CE639CC25} = {18D6B9AA-C6A4-43C3-B530-CD5839147452}
		{ECDB4144-AD8F-48A2-B674-6F358D8A3047} = {FB0C79F6-C14B-44A5-8A5D-5C76C9998992}
		{91BC9376-2FF0-4F63-BD7B-88B8DC684B53} = {A7F6046E-2F93-4D8E-94A3-56D0027C0D8F}
		{237D2587-C8FF-43CC-AD59-8507C01658FA} = {A7F6046E-2F93-4D8E-94A3-56D0027C0D8F}
		{50EC513A-2AD6-4163-B464-4709F7C822F3} = {18D6B9AA-C6A4-43C3-B530-CD5839147452}
		{C32FDEEE-D75A-40D5-A0F3-1656B95CDFC4} = {18D6B9AA-C6A4-43C3-B530-CD5839147452}
		{38027122-6654-4A50-B2E4-A20287692EEE} = {18D6B9AA-C6A4-43C3-B530-CD5839147452}
	EndGlobalSection
EndGlobal
