
Microsoft Visual Studio Solution File, Format Version 12.00
# Visual Studio 14
VisualStudioVersion = 14.0.25420.1
MinimumVisualStudioVersion = 10.0.40219.1
Project("{8BB2217D-0F2D-49D1-97BC-3654ED321F3B}") = "NullDesk.Extensions.Mailer.Core", "src\NullDesk.Extensions.Mailer.Core\NullDesk.Extensions.Mailer.Core.xproj", "{3C340967-E912-4A15-8948-E435B81B6CD8}"
EndProject
Project("{2150E333-8FDC-42A3-9474-1A3956D46DE8}") = "general", "general", "{C82FA801-0F7E-422F-9A4F-CA5507AC4982}"
	ProjectSection(SolutionItems) = preProject
		README.md = README.md
	EndProjectSection
EndProject
Project("{2150E333-8FDC-42A3-9474-1A3956D46DE8}") = "src", "src", "{A7F6046E-2F93-4D8E-94A3-56D0027C0D8F}"
EndProject
Project("{2150E333-8FDC-42A3-9474-1A3956D46DE8}") = "test", "test", "{18D6B9AA-C6A4-43C3-B530-CD5839147452}"
EndProject
Project("{8BB2217D-0F2D-49D1-97BC-3654ED321F3B}") = "NullDesk.Extensions.Mailer.MailKit.Tests", "test\NullDesk.Extensions.Mailer.MailKit.Tests\NullDesk.Extensions.Mailer.MailKit.Tests.xproj", "{655A00D5-0BD1-4A19-B9C2-9F2230093202}"
EndProject
Project("{8BB2217D-0F2D-49D1-97BC-3654ED321F3B}") = "NullDesk.Extensions.Mailer.MailKit", "src\NullDesk.Extensions.Mailer.MailKit\NullDesk.Extensions.Mailer.MailKit.xproj", "{39E2396A-0038-42CB-B234-5676E2876B8C}"
EndProject
Project("{8BB2217D-0F2D-49D1-97BC-3654ED321F3B}") = "NullDesk.Extensions.Mailer.SendGrid", "src\NullDesk.Extensions.Mailer.SendGrid\NullDesk.Extensions.Mailer.SendGrid.xproj", "{B4B03DD2-2765-4E49-B882-828B5889A0A0}"
EndProject
Project("{8BB2217D-0F2D-49D1-97BC-3654ED321F3B}") = "NullDesk.Extensions.Mailer.SendGrid.Tests", "test\NullDesk.Extensions.Mailer.SendGrid.Tests\NullDesk.Extensions.Mailer.SendGrid.Tests.xproj", "{62DCBBD1-9178-4375-9540-021300FA09BD}"
EndProject
Project("{2150E333-8FDC-42A3-9474-1A3956D46DE8}") = "samples", "samples", "{FC938642-D555-4298-BD58-FB52152FD282}"
EndProject
Project("{FAE04EC0-301F-11D3-BF4B-00C04F79EFBC}") = "NullDesk.Extensions.Mailer.Samples.AspNet45", "samples\NullDesk.Extensions.Mailer.Samples.AspNet45\NullDesk.Extensions.Mailer.Samples.AspNet45.csproj", "{787CC34C-3FA5-4DD2-9F98-DCF2F584D800}"
EndProject
Global
	GlobalSection(SolutionConfigurationPlatforms) = preSolution
		Debug|Any CPU = Debug|Any CPU
		Release|Any CPU = Release|Any CPU
	EndGlobalSection
	GlobalSection(ProjectConfigurationPlatforms) = postSolution
		{3C340967-E912-4A15-8948-E435B81B6CD8}.Debug|Any CPU.ActiveCfg = Debug|Any CPU
		{3C340967-E912-4A15-8948-E435B81B6CD8}.Debug|Any CPU.Build.0 = Debug|Any CPU
		{3C340967-E912-4A15-8948-E435B81B6CD8}.Release|Any CPU.ActiveCfg = Release|Any CPU
		{3C340967-E912-4A15-8948-E435B81B6CD8}.Release|Any CPU.Build.0 = Release|Any CPU
		{655A00D5-0BD1-4A19-B9C2-9F2230093202}.Debug|Any CPU.ActiveCfg = Debug|Any CPU
		{655A00D5-0BD1-4A19-B9C2-9F2230093202}.Debug|Any CPU.Build.0 = Debug|Any CPU
		{655A00D5-0BD1-4A19-B9C2-9F2230093202}.Release|Any CPU.ActiveCfg = Release|Any CPU
		{655A00D5-0BD1-4A19-B9C2-9F2230093202}.Release|Any CPU.Build.0 = Release|Any CPU
		{39E2396A-0038-42CB-B234-5676E2876B8C}.Debug|Any CPU.ActiveCfg = Debug|Any CPU
		{39E2396A-0038-42CB-B234-5676E2876B8C}.Debug|Any CPU.Build.0 = Debug|Any CPU
		{39E2396A-0038-42CB-B234-5676E2876B8C}.Release|Any CPU.ActiveCfg = Release|Any CPU
		{39E2396A-0038-42CB-B234-5676E2876B8C}.Release|Any CPU.Build.0 = Release|Any CPU
		{B4B03DD2-2765-4E49-B882-828B5889A0A0}.Debug|Any CPU.ActiveCfg = Debug|Any CPU
		{B4B03DD2-2765-4E49-B882-828B5889A0A0}.Debug|Any CPU.Build.0 = Debug|Any CPU
		{B4B03DD2-2765-4E49-B882-828B5889A0A0}.Release|Any CPU.ActiveCfg = Release|Any CPU
		{B4B03DD2-2765-4E49-B882-828B5889A0A0}.Release|Any CPU.Build.0 = Release|Any CPU
		{62DCBBD1-9178-4375-9540-021300FA09BD}.Debug|Any CPU.ActiveCfg = Debug|Any CPU
		{62DCBBD1-9178-4375-9540-021300FA09BD}.Debug|Any CPU.Build.0 = Debug|Any CPU
		{62DCBBD1-9178-4375-9540-021300FA09BD}.Release|Any CPU.ActiveCfg = Release|Any CPU
		{62DCBBD1-9178-4375-9540-021300FA09BD}.Release|Any CPU.Build.0 = Release|Any CPU
		{787CC34C-3FA5-4DD2-9F98-DCF2F584D800}.Debug|Any CPU.ActiveCfg = Debug|Any CPU
		{787CC34C-3FA5-4DD2-9F98-DCF2F584D800}.Debug|Any CPU.Build.0 = Debug|Any CPU
		{787CC34C-3FA5-4DD2-9F98-DCF2F584D800}.Release|Any CPU.ActiveCfg = Release|Any CPU
		{787CC34C-3FA5-4DD2-9F98-DCF2F584D800}.Release|Any CPU.Build.0 = Release|Any CPU
	EndGlobalSection
	GlobalSection(SolutionProperties) = preSolution
		HideSolutionNode = FALSE
	EndGlobalSection
	GlobalSection(NestedProjects) = preSolution
		{3C340967-E912-4A15-8948-E435B81B6CD8} = {A7F6046E-2F93-4D8E-94A3-56D0027C0D8F}
		{655A00D5-0BD1-4A19-B9C2-9F2230093202} = {18D6B9AA-C6A4-43C3-B530-CD5839147452}
		{39E2396A-0038-42CB-B234-5676E2876B8C} = {A7F6046E-2F93-4D8E-94A3-56D0027C0D8F}
		{B4B03DD2-2765-4E49-B882-828B5889A0A0} = {A7F6046E-2F93-4D8E-94A3-56D0027C0D8F}
		{62DCBBD1-9178-4375-9540-021300FA09BD} = {18D6B9AA-C6A4-43C3-B530-CD5839147452}
		{787CC34C-3FA5-4DD2-9F98-DCF2F584D800} = {FC938642-D555-4298-BD58-FB52152FD282}
	EndGlobalSection
EndGlobal
